
Microsoft Visual Studio Solution File, Format Version 12.00
# Visual Studio Version 16
VisualStudioVersion = 16.0.31129.286
MinimumVisualStudioVersion = 10.0.40219.1
Project("{9A19103F-16F7-4668-BE54-9A1E7A4F7556}") = "LabelMaker", "LabelMaker\LabelMaker.csproj", "{6053EDB5-0A1B-4D1A-9328-FD5EF01B705B}"
EndProject
Project("{FAE04EC0-301F-11D3-BF4B-00C04F79EFBC}") = "LabelMaker.Core", "LabelMaker.Core\LabelMaker.Core.csproj", "{C9C1EE30-A0A9-40D2-B0A5-33C8C457CA80}"
EndProject
Global
	GlobalSection(SolutionConfigurationPlatforms) = preSolution
		Debug|Any CPU = Debug|Any CPU
		Release|Any CPU = Release|Any CPU
	EndGlobalSection
	GlobalSection(ProjectConfigurationPlatforms) = postSolution
		{6053EDB5-0A1B-4D1A-9328-FD5EF01B705B}.Debug|Any CPU.ActiveCfg = Debug|Any CPU
		{6053EDB5-0A1B-4D1A-9328-FD5EF01B705B}.Debug|Any CPU.Build.0 = Debug|Any CPU
		{6053EDB5-0A1B-4D1A-9328-FD5EF01B705B}.Release|Any CPU.ActiveCfg = Release|Any CPU
		{6053EDB5-0A1B-4D1A-9328-FD5EF01B705B}.Release|Any CPU.Build.0 = Release|Any CPU
		{C9C1EE30-A0A9-40D2-B0A5-33C8C457CA80}.Debug|Any CPU.ActiveCfg = Debug|Any CPU
		{C9C1EE30-A0A9-40D2-B0A5-33C8C457CA80}.Debug|Any CPU.Build.0 = Debug|Any CPU
		{C9C1EE30-A0A9-40D2-B0A5-33C8C457CA80}.Release|Any CPU.ActiveCfg = Release|Any CPU
		{C9C1EE30-A0A9-40D2-B0A5-33C8C457CA80}.Release|Any CPU.Build.0 = Release|Any CPU
	EndGlobalSection
	GlobalSection(SolutionProperties) = preSolution
		HideSolutionNode = FALSE
	EndGlobalSection
	GlobalSection(ExtensibilityGlobals) = postSolution
		SolutionGuid = {18791061-1685-4205-A645-7CAE6845D5B4}
	EndGlobalSection
EndGlobal
